// !$*UTF8*$!
{
	archiveVersion = 1;
	classes = {
	};
	objectVersion = 46;
	objects = {

/* Begin PBXBuildFile section */
		8B0A33C81B96052F00720311 /* ResultsOfCalculateRouteViewController.swift in Sources */ = {isa = PBXBuildFile; fileRef = 8B0A33C71B96052F00720311 /* ResultsOfCalculateRouteViewController.swift */; };
		8B0D996C1B83A32300E2546D /* CreateAccountViewController.swift in Sources */ = {isa = PBXBuildFile; fileRef = 8B0D996B1B83A32300E2546D /* CreateAccountViewController.swift */; };
		8B22B42D1B84B4370009E898 /* UIImage+AssetIdentifier.swift in Sources */ = {isa = PBXBuildFile; fileRef = 8B22B42C1B84B4370009E898 /* UIImage+AssetIdentifier.swift */; };
		8B22B4301B84B6700009E898 /* SegueHandlerProtocol.swift in Sources */ = {isa = PBXBuildFile; fileRef = 8B22B42F1B84B6700009E898 /* SegueHandlerProtocol.swift */; };
		8B22B4321B84C3010009E898 /* MainTaximeterViewController.swift in Sources */ = {isa = PBXBuildFile; fileRef = 8B22B4311B84C3010009E898 /* MainTaximeterViewController.swift */; };
		8B23EB801B7E7F86000AFBFC /* AppDelegate.swift in Sources */ = {isa = PBXBuildFile; fileRef = 8B23EB7F1B7E7F86000AFBFC /* AppDelegate.swift */; };
		8B23EB851B7E7F86000AFBFC /* LoginSignup.storyboard in Resources */ = {isa = PBXBuildFile; fileRef = 8B23EB831B7E7F86000AFBFC /* LoginSignup.storyboard */; };
		8B23EB871B7E7F86000AFBFC /* Assets.xcassets in Resources */ = {isa = PBXBuildFile; fileRef = 8B23EB861B7E7F86000AFBFC /* Assets.xcassets */; };
		8B23EB8A1B7E7F86000AFBFC /* LaunchScreen.storyboard in Resources */ = {isa = PBXBuildFile; fileRef = 8B23EB881B7E7F86000AFBFC /* LaunchScreen.storyboard */; };
		8B23EB951B7E7F86000AFBFC /* TaxiBuddyTests.swift in Sources */ = {isa = PBXBuildFile; fileRef = 8B23EB941B7E7F86000AFBFC /* TaxiBuddyTests.swift */; };
		8B23EBA01B7E7F86000AFBFC /* TaxiBuddyUITests.swift in Sources */ = {isa = PBXBuildFile; fileRef = 8B23EB9F1B7E7F86000AFBFC /* TaxiBuddyUITests.swift */; };
		8B23EBB01B7E8970000AFBFC /* InitialViewController.swift in Sources */ = {isa = PBXBuildFile; fileRef = 8B23EBAF1B7E8970000AFBFC /* InitialViewController.swift */; };
		8B27E4F11B83C9CC008843E3 /* MainScreens.storyboard in Resources */ = {isa = PBXBuildFile; fileRef = 8B27E4EF1B83C9CC008843E3 /* MainScreens.storyboard */; };
		8B27E4F61B83D2C2008843E3 /* UIColor+AppColors.swift in Sources */ = {isa = PBXBuildFile; fileRef = 8B27E4F51B83D2C2008843E3 /* UIColor+AppColors.swift */; };
		8B27E4F81B83D80E008843E3 /* MainTabBarViewController.swift in Sources */ = {isa = PBXBuildFile; fileRef = 8B27E4F71B83D80E008843E3 /* MainTabBarViewController.swift */; };
		8B31EB951B864CF1004CE03A /* TabBarChangeAnimationController.swift in Sources */ = {isa = PBXBuildFile; fileRef = 8B31EB941B864CF1004CE03A /* TabBarChangeAnimationController.swift */; };
		8B4D95C31B86151200477A05 /* MyProfileViewController.swift in Sources */ = {isa = PBXBuildFile; fileRef = 8B4D95C21B86151200477A05 /* MyProfileViewController.swift */; };
		8B4D95C71B86186600477A05 /* TabBarDismissAnimationController.swift in Sources */ = {isa = PBXBuildFile; fileRef = 8B4D95C61B86186600477A05 /* TabBarDismissAnimationController.swift */; };
		8BC929261B8F72870084CB3E /* MyAnnotation.swift in Sources */ = {isa = PBXBuildFile; fileRef = 8BC929251B8F72870084CB3E /* MyAnnotation.swift */; };
		8BD37AE31B8767B700A2CED1 /* CalculateRouteViewController.swift in Sources */ = {isa = PBXBuildFile; fileRef = 8BD37AE21B8767B600A2CED1 /* CalculateRouteViewController.swift */; };
		8BE7E6381B83829600B2AEAC /* AsyncButton.swift in Sources */ = {isa = PBXBuildFile; fileRef = 8BE7E61A1B83829600B2AEAC /* AsyncButton.swift */; };
		8BE7E6391B83829600B2AEAC /* AsyncImageView.swift in Sources */ = {isa = PBXBuildFile; fileRef = 8BE7E61B1B83829600B2AEAC /* AsyncImageView.swift */; };
		8BE7E63A1B83829600B2AEAC /* AutoTextView.swift in Sources */ = {isa = PBXBuildFile; fileRef = 8BE7E61C1B83829600B2AEAC /* AutoTextView.swift */; };
		8BE7E63B1B83829600B2AEAC /* BlurView.swift in Sources */ = {isa = PBXBuildFile; fileRef = 8BE7E61D1B83829600B2AEAC /* BlurView.swift */; };
		8BE7E63C1B83829600B2AEAC /* DesignableButton.swift in Sources */ = {isa = PBXBuildFile; fileRef = 8BE7E61E1B83829600B2AEAC /* DesignableButton.swift */; };
		8BE7E63D1B83829600B2AEAC /* DesignableImageView.swift in Sources */ = {isa = PBXBuildFile; fileRef = 8BE7E61F1B83829600B2AEAC /* DesignableImageView.swift */; };
		8BE7E63E1B83829600B2AEAC /* DesignableLabel.swift in Sources */ = {isa = PBXBuildFile; fileRef = 8BE7E6201B83829600B2AEAC /* DesignableLabel.swift */; };
		8BE7E63F1B83829600B2AEAC /* DesignableTabBarController.swift in Sources */ = {isa = PBXBuildFile; fileRef = 8BE7E6211B83829600B2AEAC /* DesignableTabBarController.swift */; };
		8BE7E6401B83829600B2AEAC /* DesignableTextField.swift in Sources */ = {isa = PBXBuildFile; fileRef = 8BE7E6221B83829600B2AEAC /* DesignableTextField.swift */; };
		8BE7E6411B83829600B2AEAC /* DesignableTextView.swift in Sources */ = {isa = PBXBuildFile; fileRef = 8BE7E6231B83829600B2AEAC /* DesignableTextView.swift */; };
		8BE7E6421B83829600B2AEAC /* DesignableView.swift in Sources */ = {isa = PBXBuildFile; fileRef = 8BE7E6241B83829600B2AEAC /* DesignableView.swift */; };
		8BE7E6431B83829600B2AEAC /* ImageLoader.swift in Sources */ = {isa = PBXBuildFile; fileRef = 8BE7E6251B83829600B2AEAC /* ImageLoader.swift */; };
		8BE7E6441B83829600B2AEAC /* Info.plist in Resources */ = {isa = PBXBuildFile; fileRef = 8BE7E6261B83829600B2AEAC /* Info.plist */; };
		8BE7E6451B83829600B2AEAC /* KeyboardLayoutConstraint.swift in Sources */ = {isa = PBXBuildFile; fileRef = 8BE7E6271B83829600B2AEAC /* KeyboardLayoutConstraint.swift */; };
		8BE7E6461B83829600B2AEAC /* LoadingView.swift in Sources */ = {isa = PBXBuildFile; fileRef = 8BE7E6281B83829600B2AEAC /* LoadingView.swift */; };
		8BE7E6471B83829600B2AEAC /* LoadingView.xib in Resources */ = {isa = PBXBuildFile; fileRef = 8BE7E6291B83829600B2AEAC /* LoadingView.xib */; };
		8BE7E6481B83829600B2AEAC /* Misc.swift in Sources */ = {isa = PBXBuildFile; fileRef = 8BE7E62A1B83829600B2AEAC /* Misc.swift */; };
		8BE7E6491B83829600B2AEAC /* SoundPlayer.swift in Sources */ = {isa = PBXBuildFile; fileRef = 8BE7E62B1B83829600B2AEAC /* SoundPlayer.swift */; };
		8BE7E64A1B83829600B2AEAC /* Spring.swift in Sources */ = {isa = PBXBuildFile; fileRef = 8BE7E62D1B83829600B2AEAC /* Spring.swift */; };
		8BE7E64B1B83829600B2AEAC /* SpringAnimation.swift in Sources */ = {isa = PBXBuildFile; fileRef = 8BE7E62E1B83829600B2AEAC /* SpringAnimation.swift */; };
		8BE7E64C1B83829600B2AEAC /* SpringButton.swift in Sources */ = {isa = PBXBuildFile; fileRef = 8BE7E62F1B83829600B2AEAC /* SpringButton.swift */; };
		8BE7E64D1B83829600B2AEAC /* SpringImageView.swift in Sources */ = {isa = PBXBuildFile; fileRef = 8BE7E6301B83829600B2AEAC /* SpringImageView.swift */; };
		8BE7E64E1B83829600B2AEAC /* SpringLabel.swift in Sources */ = {isa = PBXBuildFile; fileRef = 8BE7E6311B83829600B2AEAC /* SpringLabel.swift */; };
		8BE7E64F1B83829600B2AEAC /* SpringTextField.swift in Sources */ = {isa = PBXBuildFile; fileRef = 8BE7E6321B83829600B2AEAC /* SpringTextField.swift */; };
		8BE7E6501B83829600B2AEAC /* SpringTextView.swift in Sources */ = {isa = PBXBuildFile; fileRef = 8BE7E6331B83829600B2AEAC /* SpringTextView.swift */; };
		8BE7E6511B83829600B2AEAC /* SpringView.swift in Sources */ = {isa = PBXBuildFile; fileRef = 8BE7E6341B83829600B2AEAC /* SpringView.swift */; };
		8BE7E6521B83829600B2AEAC /* TransitionManager.swift in Sources */ = {isa = PBXBuildFile; fileRef = 8BE7E6351B83829600B2AEAC /* TransitionManager.swift */; };
		8BE7E6531B83829600B2AEAC /* TransitionZoom.swift in Sources */ = {isa = PBXBuildFile; fileRef = 8BE7E6361B83829600B2AEAC /* TransitionZoom.swift */; };
		8BE7E6541B83829600B2AEAC /* UnwindSegue.swift in Sources */ = {isa = PBXBuildFile; fileRef = 8BE7E6371B83829600B2AEAC /* UnwindSegue.swift */; };
		8BE7E6561B8384A000B2AEAC /* LoginViewController.swift in Sources */ = {isa = PBXBuildFile; fileRef = 8BE7E6551B83849F00B2AEAC /* LoginViewController.swift */; };
		8BEC23CA1B8B63A90014C83A /* ConsultarPlacaViewController.swift in Sources */ = {isa = PBXBuildFile; fileRef = 8BEC23C91B8B63A90014C83A /* ConsultarPlacaViewController.swift */; };
		8BFB23831B878854007149B5 /* ManualTaximeterViewController.swift in Sources */ = {isa = PBXBuildFile; fileRef = 8BFB23821B878854007149B5 /* ManualTaximeterViewController.swift */; };
/* End PBXBuildFile section */

/* Begin PBXContainerItemProxy section */
		8B23EB911B7E7F86000AFBFC /* PBXContainerItemProxy */ = {
			isa = PBXContainerItemProxy;
			containerPortal = 8B23EB741B7E7F86000AFBFC /* Project object */;
			proxyType = 1;
			remoteGlobalIDString = 8B23EB7B1B7E7F86000AFBFC;
			remoteInfo = TaxiBuddy;
		};
		8B23EB9C1B7E7F86000AFBFC /* PBXContainerItemProxy */ = {
			isa = PBXContainerItemProxy;
			containerPortal = 8B23EB741B7E7F86000AFBFC /* Project object */;
			proxyType = 1;
			remoteGlobalIDString = 8B23EB7B1B7E7F86000AFBFC;
			remoteInfo = TaxiBuddy;
		};
/* End PBXContainerItemProxy section */

/* Begin PBXFileReference section */
		8B0A33C71B96052F00720311 /* ResultsOfCalculateRouteViewController.swift */ = {isa = PBXFileReference; fileEncoding = 4; lastKnownFileType = sourcecode.swift; name = ResultsOfCalculateRouteViewController.swift; path = Controllers/ResultsOfCalculateRouteViewController.swift; sourceTree = "<group>"; };
		8B0D996B1B83A32300E2546D /* CreateAccountViewController.swift */ = {isa = PBXFileReference; fileEncoding = 4; lastKnownFileType = sourcecode.swift; name = CreateAccountViewController.swift; path = Controllers/CreateAccountViewController.swift; sourceTree = "<group>"; };
		8B22B42C1B84B4370009E898 /* UIImage+AssetIdentifier.swift */ = {isa = PBXFileReference; fileEncoding = 4; lastKnownFileType = sourcecode.swift; name = "UIImage+AssetIdentifier.swift"; path = "Extensions/UIImage+AssetIdentifier.swift"; sourceTree = "<group>"; };
		8B22B42F1B84B6700009E898 /* SegueHandlerProtocol.swift */ = {isa = PBXFileReference; fileEncoding = 4; lastKnownFileType = sourcecode.swift; path = SegueHandlerProtocol.swift; sourceTree = "<group>"; };
		8B22B4311B84C3010009E898 /* MainTaximeterViewController.swift */ = {isa = PBXFileReference; fileEncoding = 4; lastKnownFileType = sourcecode.swift; name = MainTaximeterViewController.swift; path = Controllers/MainTaximeterViewController.swift; sourceTree = "<group>"; };
		8B23EB7C1B7E7F86000AFBFC /* TaxiBuddy.app */ = {isa = PBXFileReference; explicitFileType = wrapper.application; includeInIndex = 0; path = TaxiBuddy.app; sourceTree = BUILT_PRODUCTS_DIR; };
		8B23EB7F1B7E7F86000AFBFC /* AppDelegate.swift */ = {isa = PBXFileReference; lastKnownFileType = sourcecode.swift; path = AppDelegate.swift; sourceTree = "<group>"; };
		8B23EB841B7E7F86000AFBFC /* Base */ = {isa = PBXFileReference; lastKnownFileType = file.storyboard; name = Base; path = Base.lproj/LoginSignup.storyboard; sourceTree = "<group>"; };
		8B23EB861B7E7F86000AFBFC /* Assets.xcassets */ = {isa = PBXFileReference; lastKnownFileType = folder.assetcatalog; path = Assets.xcassets; sourceTree = "<group>"; };
		8B23EB891B7E7F86000AFBFC /* Base */ = {isa = PBXFileReference; lastKnownFileType = file.storyboard; name = Base; path = Base.lproj/LaunchScreen.storyboard; sourceTree = "<group>"; };
		8B23EB8B1B7E7F86000AFBFC /* Info.plist */ = {isa = PBXFileReference; lastKnownFileType = text.plist.xml; path = Info.plist; sourceTree = "<group>"; };
		8B23EB901B7E7F86000AFBFC /* TaxiBuddyTests.xctest */ = {isa = PBXFileReference; explicitFileType = wrapper.cfbundle; includeInIndex = 0; path = TaxiBuddyTests.xctest; sourceTree = BUILT_PRODUCTS_DIR; };
		8B23EB941B7E7F86000AFBFC /* TaxiBuddyTests.swift */ = {isa = PBXFileReference; lastKnownFileType = sourcecode.swift; path = TaxiBuddyTests.swift; sourceTree = "<group>"; };
		8B23EB961B7E7F86000AFBFC /* Info.plist */ = {isa = PBXFileReference; lastKnownFileType = text.plist.xml; path = Info.plist; sourceTree = "<group>"; };
		8B23EB9B1B7E7F86000AFBFC /* TaxiBuddyUITests.xctest */ = {isa = PBXFileReference; explicitFileType = wrapper.cfbundle; includeInIndex = 0; path = TaxiBuddyUITests.xctest; sourceTree = BUILT_PRODUCTS_DIR; };
		8B23EB9F1B7E7F86000AFBFC /* TaxiBuddyUITests.swift */ = {isa = PBXFileReference; lastKnownFileType = sourcecode.swift; path = TaxiBuddyUITests.swift; sourceTree = "<group>"; };
		8B23EBA11B7E7F86000AFBFC /* Info.plist */ = {isa = PBXFileReference; lastKnownFileType = text.plist.xml; path = Info.plist; sourceTree = "<group>"; };
		8B23EBAF1B7E8970000AFBFC /* InitialViewController.swift */ = {isa = PBXFileReference; fileEncoding = 4; lastKnownFileType = sourcecode.swift; name = InitialViewController.swift; path = Controllers/InitialViewController.swift; sourceTree = "<group>"; };
		8B27E4F01B83C9CC008843E3 /* Base */ = {isa = PBXFileReference; lastKnownFileType = file.storyboard; name = Base; path = Base.lproj/MainScreens.storyboard; sourceTree = "<group>"; };
		8B27E4F51B83D2C2008843E3 /* UIColor+AppColors.swift */ = {isa = PBXFileReference; fileEncoding = 4; lastKnownFileType = sourcecode.swift; name = "UIColor+AppColors.swift"; path = "Extensions/UIColor+AppColors.swift"; sourceTree = "<group>"; };
		8B27E4F71B83D80E008843E3 /* MainTabBarViewController.swift */ = {isa = PBXFileReference; fileEncoding = 4; lastKnownFileType = sourcecode.swift; name = MainTabBarViewController.swift; path = Controllers/MainTabBarViewController.swift; sourceTree = "<group>"; };
		8B31EB941B864CF1004CE03A /* TabBarChangeAnimationController.swift */ = {isa = PBXFileReference; fileEncoding = 4; lastKnownFileType = sourcecode.swift; name = TabBarChangeAnimationController.swift; path = AnimationControllers/TabBarChangeAnimationController.swift; sourceTree = "<group>"; };
		8B4D95C21B86151200477A05 /* MyProfileViewController.swift */ = {isa = PBXFileReference; fileEncoding = 4; lastKnownFileType = sourcecode.swift; name = MyProfileViewController.swift; path = Controllers/MyProfileViewController.swift; sourceTree = "<group>"; };
		8B4D95C61B86186600477A05 /* TabBarDismissAnimationController.swift */ = {isa = PBXFileReference; fileEncoding = 4; lastKnownFileType = sourcecode.swift; name = TabBarDismissAnimationController.swift; path = AnimationControllers/TabBarDismissAnimationController.swift; sourceTree = "<group>"; };
		8BC929251B8F72870084CB3E /* MyAnnotation.swift */ = {isa = PBXFileReference; fileEncoding = 4; lastKnownFileType = sourcecode.swift; name = MyAnnotation.swift; path = CustomViews/MyAnnotation.swift; sourceTree = "<group>"; };
		8BD37AE21B8767B600A2CED1 /* CalculateRouteViewController.swift */ = {isa = PBXFileReference; fileEncoding = 4; lastKnownFileType = sourcecode.swift; name = CalculateRouteViewController.swift; path = Controllers/CalculateRouteViewController.swift; sourceTree = "<group>"; };
		8BE7E61A1B83829600B2AEAC /* AsyncButton.swift */ = {isa = PBXFileReference; fileEncoding = 4; lastKnownFileType = sourcecode.swift; path = AsyncButton.swift; sourceTree = "<group>"; };
		8BE7E61B1B83829600B2AEAC /* AsyncImageView.swift */ = {isa = PBXFileReference; fileEncoding = 4; lastKnownFileType = sourcecode.swift; path = AsyncImageView.swift; sourceTree = "<group>"; };
		8BE7E61C1B83829600B2AEAC /* AutoTextView.swift */ = {isa = PBXFileReference; fileEncoding = 4; lastKnownFileType = sourcecode.swift; path = AutoTextView.swift; sourceTree = "<group>"; };
		8BE7E61D1B83829600B2AEAC /* BlurView.swift */ = {isa = PBXFileReference; fileEncoding = 4; lastKnownFileType = sourcecode.swift; path = BlurView.swift; sourceTree = "<group>"; };
		8BE7E61E1B83829600B2AEAC /* DesignableButton.swift */ = {isa = PBXFileReference; fileEncoding = 4; lastKnownFileType = sourcecode.swift; path = DesignableButton.swift; sourceTree = "<group>"; };
		8BE7E61F1B83829600B2AEAC /* DesignableImageView.swift */ = {isa = PBXFileReference; fileEncoding = 4; lastKnownFileType = sourcecode.swift; path = DesignableImageView.swift; sourceTree = "<group>"; };
		8BE7E6201B83829600B2AEAC /* DesignableLabel.swift */ = {isa = PBXFileReference; fileEncoding = 4; lastKnownFileType = sourcecode.swift; path = DesignableLabel.swift; sourceTree = "<group>"; };
		8BE7E6211B83829600B2AEAC /* DesignableTabBarController.swift */ = {isa = PBXFileReference; fileEncoding = 4; lastKnownFileType = sourcecode.swift; path = DesignableTabBarController.swift; sourceTree = "<group>"; };
		8BE7E6221B83829600B2AEAC /* DesignableTextField.swift */ = {isa = PBXFileReference; fileEncoding = 4; lastKnownFileType = sourcecode.swift; path = DesignableTextField.swift; sourceTree = "<group>"; };
		8BE7E6231B83829600B2AEAC /* DesignableTextView.swift */ = {isa = PBXFileReference; fileEncoding = 4; lastKnownFileType = sourcecode.swift; path = DesignableTextView.swift; sourceTree = "<group>"; };
		8BE7E6241B83829600B2AEAC /* DesignableView.swift */ = {isa = PBXFileReference; fileEncoding = 4; lastKnownFileType = sourcecode.swift; path = DesignableView.swift; sourceTree = "<group>"; };
		8BE7E6251B83829600B2AEAC /* ImageLoader.swift */ = {isa = PBXFileReference; fileEncoding = 4; lastKnownFileType = sourcecode.swift; path = ImageLoader.swift; sourceTree = "<group>"; };
		8BE7E6261B83829600B2AEAC /* Info.plist */ = {isa = PBXFileReference; fileEncoding = 4; lastKnownFileType = text.plist.xml; path = Info.plist; sourceTree = "<group>"; };
		8BE7E6271B83829600B2AEAC /* KeyboardLayoutConstraint.swift */ = {isa = PBXFileReference; fileEncoding = 4; lastKnownFileType = sourcecode.swift; path = KeyboardLayoutConstraint.swift; sourceTree = "<group>"; };
		8BE7E6281B83829600B2AEAC /* LoadingView.swift */ = {isa = PBXFileReference; fileEncoding = 4; lastKnownFileType = sourcecode.swift; path = LoadingView.swift; sourceTree = "<group>"; };
		8BE7E6291B83829600B2AEAC /* LoadingView.xib */ = {isa = PBXFileReference; fileEncoding = 4; lastKnownFileType = file.xib; path = LoadingView.xib; sourceTree = "<group>"; };
		8BE7E62A1B83829600B2AEAC /* Misc.swift */ = {isa = PBXFileReference; fileEncoding = 4; lastKnownFileType = sourcecode.swift; path = Misc.swift; sourceTree = "<group>"; };
		8BE7E62B1B83829600B2AEAC /* SoundPlayer.swift */ = {isa = PBXFileReference; fileEncoding = 4; lastKnownFileType = sourcecode.swift; path = SoundPlayer.swift; sourceTree = "<group>"; };
		8BE7E62C1B83829600B2AEAC /* Spring.h */ = {isa = PBXFileReference; fileEncoding = 4; lastKnownFileType = sourcecode.c.h; path = Spring.h; sourceTree = "<group>"; };
		8BE7E62D1B83829600B2AEAC /* Spring.swift */ = {isa = PBXFileReference; fileEncoding = 4; lastKnownFileType = sourcecode.swift; path = Spring.swift; sourceTree = "<group>"; };
		8BE7E62E1B83829600B2AEAC /* SpringAnimation.swift */ = {isa = PBXFileReference; fileEncoding = 4; lastKnownFileType = sourcecode.swift; path = SpringAnimation.swift; sourceTree = "<group>"; };
		8BE7E62F1B83829600B2AEAC /* SpringButton.swift */ = {isa = PBXFileReference; fileEncoding = 4; lastKnownFileType = sourcecode.swift; path = SpringButton.swift; sourceTree = "<group>"; };
		8BE7E6301B83829600B2AEAC /* SpringImageView.swift */ = {isa = PBXFileReference; fileEncoding = 4; lastKnownFileType = sourcecode.swift; path = SpringImageView.swift; sourceTree = "<group>"; };
		8BE7E6311B83829600B2AEAC /* SpringLabel.swift */ = {isa = PBXFileReference; fileEncoding = 4; lastKnownFileType = sourcecode.swift; path = SpringLabel.swift; sourceTree = "<group>"; };
		8BE7E6321B83829600B2AEAC /* SpringTextField.swift */ = {isa = PBXFileReference; fileEncoding = 4; lastKnownFileType = sourcecode.swift; path = SpringTextField.swift; sourceTree = "<group>"; };
		8BE7E6331B83829600B2AEAC /* SpringTextView.swift */ = {isa = PBXFileReference; fileEncoding = 4; lastKnownFileType = sourcecode.swift; path = SpringTextView.swift; sourceTree = "<group>"; };
		8BE7E6341B83829600B2AEAC /* SpringView.swift */ = {isa = PBXFileReference; fileEncoding = 4; lastKnownFileType = sourcecode.swift; path = SpringView.swift; sourceTree = "<group>"; };
		8BE7E6351B83829600B2AEAC /* TransitionManager.swift */ = {isa = PBXFileReference; fileEncoding = 4; lastKnownFileType = sourcecode.swift; path = TransitionManager.swift; sourceTree = "<group>"; };
		8BE7E6361B83829600B2AEAC /* TransitionZoom.swift */ = {isa = PBXFileReference; fileEncoding = 4; lastKnownFileType = sourcecode.swift; path = TransitionZoom.swift; sourceTree = "<group>"; };
		8BE7E6371B83829600B2AEAC /* UnwindSegue.swift */ = {isa = PBXFileReference; fileEncoding = 4; lastKnownFileType = sourcecode.swift; path = UnwindSegue.swift; sourceTree = "<group>"; };
		8BE7E6551B83849F00B2AEAC /* LoginViewController.swift */ = {isa = PBXFileReference; fileEncoding = 4; lastKnownFileType = sourcecode.swift; name = LoginViewController.swift; path = Controllers/LoginViewController.swift; sourceTree = "<group>"; };
		8BEC23C91B8B63A90014C83A /* ConsultarPlacaViewController.swift */ = {isa = PBXFileReference; fileEncoding = 4; lastKnownFileType = sourcecode.swift; name = ConsultarPlacaViewController.swift; path = Controllers/ConsultarPlacaViewController.swift; sourceTree = "<group>"; };
		8BFB23821B878854007149B5 /* ManualTaximeterViewController.swift */ = {isa = PBXFileReference; fileEncoding = 4; lastKnownFileType = sourcecode.swift; name = ManualTaximeterViewController.swift; path = Controllers/ManualTaximeterViewController.swift; sourceTree = "<group>"; };
/* End PBXFileReference section */

/* Begin PBXFrameworksBuildPhase section */
		8B23EB791B7E7F86000AFBFC /* Frameworks */ = {
			isa = PBXFrameworksBuildPhase;
			buildActionMask = 2147483647;
			files = (
			);
			runOnlyForDeploymentPostprocessing = 0;
		};
		8B23EB8D1B7E7F86000AFBFC /* Frameworks */ = {
			isa = PBXFrameworksBuildPhase;
			buildActionMask = 2147483647;
			files = (
			);
			runOnlyForDeploymentPostprocessing = 0;
		};
		8B23EB981B7E7F86000AFBFC /* Frameworks */ = {
			isa = PBXFrameworksBuildPhase;
			buildActionMask = 2147483647;
			files = (
			);
			runOnlyForDeploymentPostprocessing = 0;
		};
/* End PBXFrameworksBuildPhase section */

/* Begin PBXGroup section */
		8B22B42E1B84B62D0009E898 /* Protocols */ = {
			isa = PBXGroup;
			children = (
				8B22B42F1B84B6700009E898 /* SegueHandlerProtocol.swift */,
			);
			name = Protocols;
			sourceTree = "<group>";
		};
		8B23EB731B7E7F86000AFBFC = {
			isa = PBXGroup;
			children = (
				8B23EB7E1B7E7F86000AFBFC /* TaxiBuddy */,
				8B23EB931B7E7F86000AFBFC /* TaxiBuddyTests */,
				8B23EB9E1B7E7F86000AFBFC /* TaxiBuddyUITests */,
				8B23EB7D1B7E7F86000AFBFC /* Products */,
			);
			sourceTree = "<group>";
		};
		8B23EB7D1B7E7F86000AFBFC /* Products */ = {
			isa = PBXGroup;
			children = (
				8B23EB7C1B7E7F86000AFBFC /* TaxiBuddy.app */,
				8B23EB901B7E7F86000AFBFC /* TaxiBuddyTests.xctest */,
				8B23EB9B1B7E7F86000AFBFC /* TaxiBuddyUITests.xctest */,
			);
			name = Products;
			sourceTree = "<group>";
		};
		8B23EB7E1B7E7F86000AFBFC /* TaxiBuddy */ = {
			isa = PBXGroup;
			children = (
				8BC929241B8F72680084CB3E /* CustomViews */,
				8B4D95C51B86181600477A05 /* AnimationControllers */,
				8B22B42E1B84B62D0009E898 /* Protocols */,
				8B27E4F41B83D2AA008843E3 /* Extensions */,
				8B23EBB11B7E92D0000AFBFC /* Libraries */,
				8B4D95C41B8617F600477A05 /* Controllers */,
				8B23EB831B7E7F86000AFBFC /* LoginSignup.storyboard */,
				8B27E4EF1B83C9CC008843E3 /* MainScreens.storyboard */,
				8B23EBAD1B7E8663000AFBFC /* Others */,
			);
			path = TaxiBuddy;
			sourceTree = "<group>";
		};
		8B23EB931B7E7F86000AFBFC /* TaxiBuddyTests */ = {
			isa = PBXGroup;
			children = (
				8B23EB941B7E7F86000AFBFC /* TaxiBuddyTests.swift */,
				8B23EB961B7E7F86000AFBFC /* Info.plist */,
			);
			path = TaxiBuddyTests;
			sourceTree = "<group>";
		};
		8B23EB9E1B7E7F86000AFBFC /* TaxiBuddyUITests */ = {
			isa = PBXGroup;
			children = (
				8B23EB9F1B7E7F86000AFBFC /* TaxiBuddyUITests.swift */,
				8B23EBA11B7E7F86000AFBFC /* Info.plist */,
			);
			path = TaxiBuddyUITests;
			sourceTree = "<group>";
		};
		8B23EBAD1B7E8663000AFBFC /* Others */ = {
			isa = PBXGroup;
			children = (
				8B23EB7F1B7E7F86000AFBFC /* AppDelegate.swift */,
				8B23EB861B7E7F86000AFBFC /* Assets.xcassets */,
				8B23EB881B7E7F86000AFBFC /* LaunchScreen.storyboard */,
				8B23EB8B1B7E7F86000AFBFC /* Info.plist */,
			);
			name = Others;
			sourceTree = "<group>";
		};
		8B23EBB11B7E92D0000AFBFC /* Libraries */ = {
			isa = PBXGroup;
			children = (
				8BE7E6191B83829600B2AEAC /* Spring */,
			);
			name = Libraries;
			sourceTree = "<group>";
		};
		8B27E4F41B83D2AA008843E3 /* Extensions */ = {
			isa = PBXGroup;
			children = (
				8B27E4F51B83D2C2008843E3 /* UIColor+AppColors.swift */,
				8B22B42C1B84B4370009E898 /* UIImage+AssetIdentifier.swift */,
			);
			name = Extensions;
			sourceTree = "<group>";
		};
		8B4D95C41B8617F600477A05 /* Controllers */ = {
			isa = PBXGroup;
			children = (
				8B23EBAF1B7E8970000AFBFC /* InitialViewController.swift */,
				8BE7E6551B83849F00B2AEAC /* LoginViewController.swift */,
				8B0D996B1B83A32300E2546D /* CreateAccountViewController.swift */,
				8B27E4F71B83D80E008843E3 /* MainTabBarViewController.swift */,
				8B22B4311B84C3010009E898 /* MainTaximeterViewController.swift */,
				8B4D95C21B86151200477A05 /* MyProfileViewController.swift */,
				8BD37AE21B8767B600A2CED1 /* CalculateRouteViewController.swift */,
				8B0A33C71B96052F00720311 /* ResultsOfCalculateRouteViewController.swift */,
				8BFB23821B878854007149B5 /* ManualTaximeterViewController.swift */,
				8BEC23C91B8B63A90014C83A /* ConsultarPlacaViewController.swift */,
			);
			name = Controllers;
			sourceTree = "<group>";
		};
		8B4D95C51B86181600477A05 /* AnimationControllers */ = {
			isa = PBXGroup;
			children = (
				8B4D95C61B86186600477A05 /* TabBarDismissAnimationController.swift */,
				8B31EB941B864CF1004CE03A /* TabBarChangeAnimationController.swift */,
			);
			name = AnimationControllers;
			sourceTree = "<group>";
		};
		8BC929241B8F72680084CB3E /* CustomViews */ = {
			isa = PBXGroup;
			children = (
				8BC929251B8F72870084CB3E /* MyAnnotation.swift */,
			);
			name = CustomViews;
			sourceTree = "<group>";
		};
		8BE7E6191B83829600B2AEAC /* Spring */ = {
			isa = PBXGroup;
			children = (
				8BE7E61A1B83829600B2AEAC /* AsyncButton.swift */,
				8BE7E61B1B83829600B2AEAC /* AsyncImageView.swift */,
				8BE7E61C1B83829600B2AEAC /* AutoTextView.swift */,
				8BE7E61D1B83829600B2AEAC /* BlurView.swift */,
				8BE7E61E1B83829600B2AEAC /* DesignableButton.swift */,
				8BE7E61F1B83829600B2AEAC /* DesignableImageView.swift */,
				8BE7E6201B83829600B2AEAC /* DesignableLabel.swift */,
				8BE7E6211B83829600B2AEAC /* DesignableTabBarController.swift */,
				8BE7E6221B83829600B2AEAC /* DesignableTextField.swift */,
				8BE7E6231B83829600B2AEAC /* DesignableTextView.swift */,
				8BE7E6241B83829600B2AEAC /* DesignableView.swift */,
				8BE7E6251B83829600B2AEAC /* ImageLoader.swift */,
				8BE7E6261B83829600B2AEAC /* Info.plist */,
				8BE7E6271B83829600B2AEAC /* KeyboardLayoutConstraint.swift */,
				8BE7E6281B83829600B2AEAC /* LoadingView.swift */,
				8BE7E6291B83829600B2AEAC /* LoadingView.xib */,
				8BE7E62A1B83829600B2AEAC /* Misc.swift */,
				8BE7E62B1B83829600B2AEAC /* SoundPlayer.swift */,
				8BE7E62C1B83829600B2AEAC /* Spring.h */,
				8BE7E62D1B83829600B2AEAC /* Spring.swift */,
				8BE7E62E1B83829600B2AEAC /* SpringAnimation.swift */,
				8BE7E62F1B83829600B2AEAC /* SpringButton.swift */,
				8BE7E6301B83829600B2AEAC /* SpringImageView.swift */,
				8BE7E6311B83829600B2AEAC /* SpringLabel.swift */,
				8BE7E6321B83829600B2AEAC /* SpringTextField.swift */,
				8BE7E6331B83829600B2AEAC /* SpringTextView.swift */,
				8BE7E6341B83829600B2AEAC /* SpringView.swift */,
				8BE7E6351B83829600B2AEAC /* TransitionManager.swift */,
				8BE7E6361B83829600B2AEAC /* TransitionZoom.swift */,
				8BE7E6371B83829600B2AEAC /* UnwindSegue.swift */,
			);
			name = Spring;
			path = Libraries/Spring;
			sourceTree = "<group>";
		};
/* End PBXGroup section */

/* Begin PBXNativeTarget section */
		8B23EB7B1B7E7F86000AFBFC /* TaxiBuddy */ = {
			isa = PBXNativeTarget;
			buildConfigurationList = 8B23EBA41B7E7F86000AFBFC /* Build configuration list for PBXNativeTarget "TaxiBuddy" */;
			buildPhases = (
				8B23EB781B7E7F86000AFBFC /* Sources */,
				8B23EB791B7E7F86000AFBFC /* Frameworks */,
				8B23EB7A1B7E7F86000AFBFC /* Resources */,
			);
			buildRules = (
			);
			dependencies = (
			);
			name = TaxiBuddy;
			productName = TaxiBuddy;
			productReference = 8B23EB7C1B7E7F86000AFBFC /* TaxiBuddy.app */;
			productType = "com.apple.product-type.application";
		};
		8B23EB8F1B7E7F86000AFBFC /* TaxiBuddyTests */ = {
			isa = PBXNativeTarget;
			buildConfigurationList = 8B23EBA71B7E7F86000AFBFC /* Build configuration list for PBXNativeTarget "TaxiBuddyTests" */;
			buildPhases = (
				8B23EB8C1B7E7F86000AFBFC /* Sources */,
				8B23EB8D1B7E7F86000AFBFC /* Frameworks */,
				8B23EB8E1B7E7F86000AFBFC /* Resources */,
			);
			buildRules = (
			);
			dependencies = (
				8B23EB921B7E7F86000AFBFC /* PBXTargetDependency */,
			);
			name = TaxiBuddyTests;
			productName = TaxiBuddyTests;
			productReference = 8B23EB901B7E7F86000AFBFC /* TaxiBuddyTests.xctest */;
			productType = "com.apple.product-type.bundle.unit-test";
		};
		8B23EB9A1B7E7F86000AFBFC /* TaxiBuddyUITests */ = {
			isa = PBXNativeTarget;
			buildConfigurationList = 8B23EBAA1B7E7F86000AFBFC /* Build configuration list for PBXNativeTarget "TaxiBuddyUITests" */;
			buildPhases = (
				8B23EB971B7E7F86000AFBFC /* Sources */,
				8B23EB981B7E7F86000AFBFC /* Frameworks */,
				8B23EB991B7E7F86000AFBFC /* Resources */,
			);
			buildRules = (
			);
			dependencies = (
				8B23EB9D1B7E7F86000AFBFC /* PBXTargetDependency */,
			);
			name = TaxiBuddyUITests;
			productName = TaxiBuddyUITests;
			productReference = 8B23EB9B1B7E7F86000AFBFC /* TaxiBuddyUITests.xctest */;
			productType = "com.apple.product-type.bundle.ui-testing";
		};
/* End PBXNativeTarget section */

/* Begin PBXProject section */
		8B23EB741B7E7F86000AFBFC /* Project object */ = {
			isa = PBXProject;
			attributes = {
				LastUpgradeCheck = 0700;
				ORGANIZATIONNAME = "iAm Studio";
				TargetAttributes = {
					8B23EB7B1B7E7F86000AFBFC = {
						CreatedOnToolsVersion = 7.0;
					};
					8B23EB8F1B7E7F86000AFBFC = {
						CreatedOnToolsVersion = 7.0;
						TestTargetID = 8B23EB7B1B7E7F86000AFBFC;
					};
					8B23EB9A1B7E7F86000AFBFC = {
						CreatedOnToolsVersion = 7.0;
						TestTargetID = 8B23EB7B1B7E7F86000AFBFC;
					};
				};
			};
			buildConfigurationList = 8B23EB771B7E7F86000AFBFC /* Build configuration list for PBXProject "TaxiBuddy" */;
			compatibilityVersion = "Xcode 3.2";
			developmentRegion = English;
			hasScannedForEncodings = 0;
			knownRegions = (
				en,
				Base,
			);
			mainGroup = 8B23EB731B7E7F86000AFBFC;
			productRefGroup = 8B23EB7D1B7E7F86000AFBFC /* Products */;
			projectDirPath = "";
			projectRoot = "";
			targets = (
				8B23EB7B1B7E7F86000AFBFC /* TaxiBuddy */,
				8B23EB8F1B7E7F86000AFBFC /* TaxiBuddyTests */,
				8B23EB9A1B7E7F86000AFBFC /* TaxiBuddyUITests */,
			);
		};
/* End PBXProject section */

/* Begin PBXResourcesBuildPhase section */
		8B23EB7A1B7E7F86000AFBFC /* Resources */ = {
			isa = PBXResourcesBuildPhase;
			buildActionMask = 2147483647;
			files = (
				8BE7E6441B83829600B2AEAC /* Info.plist in Resources */,
				8B23EB8A1B7E7F86000AFBFC /* LaunchScreen.storyboard in Resources */,
				8B23EB871B7E7F86000AFBFC /* Assets.xcassets in Resources */,
				8B23EB851B7E7F86000AFBFC /* LoginSignup.storyboard in Resources */,
				8BE7E6471B83829600B2AEAC /* LoadingView.xib in Resources */,
				8B27E4F11B83C9CC008843E3 /* MainScreens.storyboard in Resources */,
			);
			runOnlyForDeploymentPostprocessing = 0;
		};
		8B23EB8E1B7E7F86000AFBFC /* Resources */ = {
			isa = PBXResourcesBuildPhase;
			buildActionMask = 2147483647;
			files = (
			);
			runOnlyForDeploymentPostprocessing = 0;
		};
		8B23EB991B7E7F86000AFBFC /* Resources */ = {
			isa = PBXResourcesBuildPhase;
			buildActionMask = 2147483647;
			files = (
			);
			runOnlyForDeploymentPostprocessing = 0;
		};
/* End PBXResourcesBuildPhase section */

/* Begin PBXSourcesBuildPhase section */
		8B23EB781B7E7F86000AFBFC /* Sources */ = {
			isa = PBXSourcesBuildPhase;
			buildActionMask = 2147483647;
			files = (
				8BE7E64E1B83829600B2AEAC /* SpringLabel.swift in Sources */,
				8B22B4301B84B6700009E898 /* SegueHandlerProtocol.swift in Sources */,
				8BE7E6431B83829600B2AEAC /* ImageLoader.swift in Sources */,
				8BE7E6481B83829600B2AEAC /* Misc.swift in Sources */,
				8B27E4F81B83D80E008843E3 /* MainTabBarViewController.swift in Sources */,
				8BE7E63D1B83829600B2AEAC /* DesignableImageView.swift in Sources */,
				8BE7E64D1B83829600B2AEAC /* SpringImageView.swift in Sources */,
				8B23EB801B7E7F86000AFBFC /* AppDelegate.swift in Sources */,
				8BE7E6491B83829600B2AEAC /* SoundPlayer.swift in Sources */,
				8B4D95C71B86186600477A05 /* TabBarDismissAnimationController.swift in Sources */,
				8B22B4321B84C3010009E898 /* MainTaximeterViewController.swift in Sources */,
				8BE7E6501B83829600B2AEAC /* SpringTextView.swift in Sources */,
				8B23EBB01B7E8970000AFBFC /* InitialViewController.swift in Sources */,
				8BE7E6421B83829600B2AEAC /* DesignableView.swift in Sources */,
				8B31EB951B864CF1004CE03A /* TabBarChangeAnimationController.swift in Sources */,
				8B0D996C1B83A32300E2546D /* CreateAccountViewController.swift in Sources */,
				8BE7E64B1B83829600B2AEAC /* SpringAnimation.swift in Sources */,
				8BE7E64A1B83829600B2AEAC /* Spring.swift in Sources */,
				8B27E4F61B83D2C2008843E3 /* UIColor+AppColors.swift in Sources */,
				8BE7E6461B83829600B2AEAC /* LoadingView.swift in Sources */,
				8BEC23CA1B8B63A90014C83A /* ConsultarPlacaViewController.swift in Sources */,
				8B0A33C81B96052F00720311 /* ResultsOfCalculateRouteViewController.swift in Sources */,
				8BE7E64F1B83829600B2AEAC /* SpringTextField.swift in Sources */,
				8BE7E63C1B83829600B2AEAC /* DesignableButton.swift in Sources */,
				8BE7E6401B83829600B2AEAC /* DesignableTextField.swift in Sources */,
				8BE7E6381B83829600B2AEAC /* AsyncButton.swift in Sources */,
				8BE7E6451B83829600B2AEAC /* KeyboardLayoutConstraint.swift in Sources */,
				8B4D95C31B86151200477A05 /* MyProfileViewController.swift in Sources */,
				8B22B42D1B84B4370009E898 /* UIImage+AssetIdentifier.swift in Sources */,
				8BE7E6561B8384A000B2AEAC /* LoginViewController.swift in Sources */,
				8BE7E64C1B83829600B2AEAC /* SpringButton.swift in Sources */,
				8BE7E6391B83829600B2AEAC /* AsyncImageView.swift in Sources */,
				8BE7E63F1B83829600B2AEAC /* DesignableTabBarController.swift in Sources */,
				8BFB23831B878854007149B5 /* ManualTaximeterViewController.swift in Sources */,
				8BE7E63A1B83829600B2AEAC /* AutoTextView.swift in Sources */,
				8BE7E6411B83829600B2AEAC /* DesignableTextView.swift in Sources */,
				8BE7E63E1B83829600B2AEAC /* DesignableLabel.swift in Sources */,
				8BE7E6541B83829600B2AEAC /* UnwindSegue.swift in Sources */,
				8BE7E6521B83829600B2AEAC /* TransitionManager.swift in Sources */,
				8BE7E63B1B83829600B2AEAC /* BlurView.swift in Sources */,
				8BC929261B8F72870084CB3E /* MyAnnotation.swift in Sources */,
				8BD37AE31B8767B700A2CED1 /* CalculateRouteViewController.swift in Sources */,
				8BE7E6511B83829600B2AEAC /* SpringView.swift in Sources */,
				8BE7E6531B83829600B2AEAC /* TransitionZoom.swift in Sources */,
			);
			runOnlyForDeploymentPostprocessing = 0;
		};
		8B23EB8C1B7E7F86000AFBFC /* Sources */ = {
			isa = PBXSourcesBuildPhase;
			buildActionMask = 2147483647;
			files = (
				8B23EB951B7E7F86000AFBFC /* TaxiBuddyTests.swift in Sources */,
			);
			runOnlyForDeploymentPostprocessing = 0;
		};
		8B23EB971B7E7F86000AFBFC /* Sources */ = {
			isa = PBXSourcesBuildPhase;
			buildActionMask = 2147483647;
			files = (
				8B23EBA01B7E7F86000AFBFC /* TaxiBuddyUITests.swift in Sources */,
			);
			runOnlyForDeploymentPostprocessing = 0;
		};
/* End PBXSourcesBuildPhase section */

/* Begin PBXTargetDependency section */
		8B23EB921B7E7F86000AFBFC /* PBXTargetDependency */ = {
			isa = PBXTargetDependency;
			target = 8B23EB7B1B7E7F86000AFBFC /* TaxiBuddy */;
			targetProxy = 8B23EB911B7E7F86000AFBFC /* PBXContainerItemProxy */;
		};
		8B23EB9D1B7E7F86000AFBFC /* PBXTargetDependency */ = {
			isa = PBXTargetDependency;
			target = 8B23EB7B1B7E7F86000AFBFC /* TaxiBuddy */;
			targetProxy = 8B23EB9C1B7E7F86000AFBFC /* PBXContainerItemProxy */;
		};
/* End PBXTargetDependency section */

/* Begin PBXVariantGroup section */
		8B23EB831B7E7F86000AFBFC /* LoginSignup.storyboard */ = {
			isa = PBXVariantGroup;
			children = (
				8B23EB841B7E7F86000AFBFC /* Base */,
			);
			name = LoginSignup.storyboard;
			sourceTree = "<group>";
		};
		8B23EB881B7E7F86000AFBFC /* LaunchScreen.storyboard */ = {
			isa = PBXVariantGroup;
			children = (
				8B23EB891B7E7F86000AFBFC /* Base */,
			);
			name = LaunchScreen.storyboard;
			sourceTree = "<group>";
		};
		8B27E4EF1B83C9CC008843E3 /* MainScreens.storyboard */ = {
			isa = PBXVariantGroup;
			children = (
				8B27E4F01B83C9CC008843E3 /* Base */,
			);
			name = MainScreens.storyboard;
			sourceTree = "<group>";
		};
/* End PBXVariantGroup section */

/* Begin XCBuildConfiguration section */
		8B23EBA21B7E7F86000AFBFC /* Debug */ = {
			isa = XCBuildConfiguration;
			buildSettings = {
				ALWAYS_SEARCH_USER_PATHS = NO;
				CLANG_CXX_LANGUAGE_STANDARD = "gnu++0x";
				CLANG_CXX_LIBRARY = "libc++";
				CLANG_ENABLE_MODULES = YES;
				CLANG_ENABLE_OBJC_ARC = YES;
				CLANG_WARN_BOOL_CONVERSION = YES;
				CLANG_WARN_CONSTANT_CONVERSION = YES;
				CLANG_WARN_DIRECT_OBJC_ISA_USAGE = YES_ERROR;
				CLANG_WARN_EMPTY_BODY = YES;
				CLANG_WARN_ENUM_CONVERSION = YES;
				CLANG_WARN_INT_CONVERSION = YES;
				CLANG_WARN_OBJC_ROOT_CLASS = YES_ERROR;
				CLANG_WARN_UNREACHABLE_CODE = YES;
				CLANG_WARN__DUPLICATE_METHOD_MATCH = YES;
				"CODE_SIGN_IDENTITY[sdk=iphoneos*]" = "iPhone Developer";
				COPY_PHASE_STRIP = NO;
				DEBUG_INFORMATION_FORMAT = dwarf;
				ENABLE_STRICT_OBJC_MSGSEND = YES;
				ENABLE_TESTABILITY = YES;
				GCC_C_LANGUAGE_STANDARD = gnu99;
				GCC_DYNAMIC_NO_PIC = NO;
				GCC_NO_COMMON_BLOCKS = YES;
				GCC_OPTIMIZATION_LEVEL = 0;
				GCC_PREPROCESSOR_DEFINITIONS = (
					"DEBUG=1",
					"$(inherited)",
				);
				GCC_WARN_64_TO_32_BIT_CONVERSION = YES;
				GCC_WARN_ABOUT_RETURN_TYPE = YES_ERROR;
				GCC_WARN_UNDECLARED_SELECTOR = YES;
				GCC_WARN_UNINITIALIZED_AUTOS = YES_AGGRESSIVE;
				GCC_WARN_UNUSED_FUNCTION = YES;
				GCC_WARN_UNUSED_VARIABLE = YES;
				IPHONEOS_DEPLOYMENT_TARGET = 9.0;
				MTL_ENABLE_DEBUG_INFO = YES;
				ONLY_ACTIVE_ARCH = YES;
				SDKROOT = iphoneos;
				SWIFT_OPTIMIZATION_LEVEL = "-Onone";
				TARGETED_DEVICE_FAMILY = "1,2";
			};
			name = Debug;
		};
		8B23EBA31B7E7F86000AFBFC /* Release */ = {
			isa = XCBuildConfiguration;
			buildSettings = {
				ALWAYS_SEARCH_USER_PATHS = NO;
				CLANG_CXX_LANGUAGE_STANDARD = "gnu++0x";
				CLANG_CXX_LIBRARY = "libc++";
				CLANG_ENABLE_MODULES = YES;
				CLANG_ENABLE_OBJC_ARC = YES;
				CLANG_WARN_BOOL_CONVERSION = YES;
				CLANG_WARN_CONSTANT_CONVERSION = YES;
				CLANG_WARN_DIRECT_OBJC_ISA_USAGE = YES_ERROR;
				CLANG_WARN_EMPTY_BODY = YES;
				CLANG_WARN_ENUM_CONVERSION = YES;
				CLANG_WARN_INT_CONVERSION = YES;
				CLANG_WARN_OBJC_ROOT_CLASS = YES_ERROR;
				CLANG_WARN_UNREACHABLE_CODE = YES;
				CLANG_WARN__DUPLICATE_METHOD_MATCH = YES;
				"CODE_SIGN_IDENTITY[sdk=iphoneos*]" = "iPhone Developer";
				COPY_PHASE_STRIP = NO;
				DEBUG_INFORMATION_FORMAT = "dwarf-with-dsym";
				ENABLE_NS_ASSERTIONS = NO;
				ENABLE_STRICT_OBJC_MSGSEND = YES;
				GCC_C_LANGUAGE_STANDARD = gnu99;
				GCC_NO_COMMON_BLOCKS = YES;
				GCC_WARN_64_TO_32_BIT_CONVERSION = YES;
				GCC_WARN_ABOUT_RETURN_TYPE = YES_ERROR;
				GCC_WARN_UNDECLARED_SELECTOR = YES;
				GCC_WARN_UNINITIALIZED_AUTOS = YES_AGGRESSIVE;
				GCC_WARN_UNUSED_FUNCTION = YES;
				GCC_WARN_UNUSED_VARIABLE = YES;
				IPHONEOS_DEPLOYMENT_TARGET = 9.0;
				MTL_ENABLE_DEBUG_INFO = NO;
				SDKROOT = iphoneos;
				TARGETED_DEVICE_FAMILY = "1,2";
				VALIDATE_PRODUCT = YES;
			};
			name = Release;
		};
		8B23EBA51B7E7F86000AFBFC /* Debug */ = {
			isa = XCBuildConfiguration;
			buildSettings = {
				ASSETCATALOG_COMPILER_APPICON_NAME = AppIcon;
				INFOPLIST_FILE = TaxiBuddy/Info.plist;
				IPHONEOS_DEPLOYMENT_TARGET = 8.0;
				LD_RUNPATH_SEARCH_PATHS = "$(inherited) @executable_path/Frameworks";
				PRODUCT_BUNDLE_IDENTIFIER = com.iamstudio.TaxiBuddy;
				PRODUCT_NAME = "$(TARGET_NAME)";
			};
			name = Debug;
		};
		8B23EBA61B7E7F86000AFBFC /* Release */ = {
			isa = XCBuildConfiguration;
			buildSettings = {
				ASSETCATALOG_COMPILER_APPICON_NAME = AppIcon;
				INFOPLIST_FILE = TaxiBuddy/Info.plist;
				IPHONEOS_DEPLOYMENT_TARGET = 8.0;
				LD_RUNPATH_SEARCH_PATHS = "$(inherited) @executable_path/Frameworks";
				PRODUCT_BUNDLE_IDENTIFIER = com.iamstudio.TaxiBuddy;
				PRODUCT_NAME = "$(TARGET_NAME)";
			};
			name = Release;
		};
		8B23EBA81B7E7F86000AFBFC /* Debug */ = {
			isa = XCBuildConfiguration;
			buildSettings = {
				BUNDLE_LOADER = "$(TEST_HOST)";
				INFOPLIST_FILE = TaxiBuddyTests/Info.plist;
				LD_RUNPATH_SEARCH_PATHS = "$(inherited) @executable_path/Frameworks @loader_path/Frameworks";
				PRODUCT_BUNDLE_IDENTIFIER = com.iamstudio.TaxiBuddyTests;
				PRODUCT_NAME = "$(TARGET_NAME)";
				TEST_HOST = "$(BUILT_PRODUCTS_DIR)/TaxiBuddy.app/TaxiBuddy";
			};
			name = Debug;
		};
		8B23EBA91B7E7F86000AFBFC /* Release */ = {
			isa = XCBuildConfiguration;
			buildSettings = {
				BUNDLE_LOADER = "$(TEST_HOST)";
				INFOPLIST_FILE = TaxiBuddyTests/Info.plist;
				LD_RUNPATH_SEARCH_PATHS = "$(inherited) @executable_path/Frameworks @loader_path/Frameworks";
				PRODUCT_BUNDLE_IDENTIFIER = com.iamstudio.TaxiBuddyTests;
				PRODUCT_NAME = "$(TARGET_NAME)";
				TEST_HOST = "$(BUILT_PRODUCTS_DIR)/TaxiBuddy.app/TaxiBuddy";
			};
			name = Release;
		};
		8B23EBAB1B7E7F86000AFBFC /* Debug */ = {
			isa = XCBuildConfiguration;
			buildSettings = {
				INFOPLIST_FILE = TaxiBuddyUITests/Info.plist;
				LD_RUNPATH_SEARCH_PATHS = "$(inherited) @executable_path/Frameworks @loader_path/Frameworks";
				PRODUCT_BUNDLE_IDENTIFIER = com.iamstudio.TaxiBuddyUITests;
				PRODUCT_NAME = "$(TARGET_NAME)";
				TEST_TARGET_NAME = TaxiBuddy;
				USES_XCTRUNNER = YES;
			};
			name = Debug;
		};
		8B23EBAC1B7E7F86000AFBFC /* Release */ = {
			isa = XCBuildConfiguration;
			buildSettings = {
				INFOPLIST_FILE = TaxiBuddyUITests/Info.plist;
				LD_RUNPATH_SEARCH_PATHS = "$(inherited) @executable_path/Frameworks @loader_path/Frameworks";
				PRODUCT_BUNDLE_IDENTIFIER = com.iamstudio.TaxiBuddyUITests;
				PRODUCT_NAME = "$(TARGET_NAME)";
				TEST_TARGET_NAME = TaxiBuddy;
				USES_XCTRUNNER = YES;
			};
			name = Release;
		};
/* End XCBuildConfiguration section */

/* Begin XCConfigurationList section */
		8B23EB771B7E7F86000AFBFC /* Build configuration list for PBXProject "TaxiBuddy" */ = {
			isa = XCConfigurationList;
			buildConfigurations = (
				8B23EBA21B7E7F86000AFBFC /* Debug */,
				8B23EBA31B7E7F86000AFBFC /* Release */,
			);
			defaultConfigurationIsVisible = 0;
			defaultConfigurationName = Release;
		};
		8B23EBA41B7E7F86000AFBFC /* Build configuration list for PBXNativeTarget "TaxiBuddy" */ = {
			isa = XCConfigurationList;
			buildConfigurations = (
				8B23EBA51B7E7F86000AFBFC /* Debug */,
				8B23EBA61B7E7F86000AFBFC /* Release */,
			);
			defaultConfigurationIsVisible = 0;
			defaultConfigurationName = Release;
		};
		8B23EBA71B7E7F86000AFBFC /* Build configuration list for PBXNativeTarget "TaxiBuddyTests" */ = {
			isa = XCConfigurationList;
			buildConfigurations = (
				8B23EBA81B7E7F86000AFBFC /* Debug */,
				8B23EBA91B7E7F86000AFBFC /* Release */,
			);
			defaultConfigurationIsVisible = 0;
			defaultConfigurationName = Release;
		};
		8B23EBAA1B7E7F86000AFBFC /* Build configuration list for PBXNativeTarget "TaxiBuddyUITests" */ = {
			isa = XCConfigurationList;
			buildConfigurations = (
				8B23EBAB1B7E7F86000AFBFC /* Debug */,
				8B23EBAC1B7E7F86000AFBFC /* Release */,
			);
			defaultConfigurationIsVisible = 0;
			defaultConfigurationName = Release;
		};
/* End XCConfigurationList section */
	};
	rootObject = 8B23EB741B7E7F86000AFBFC /* Project object */;
}
